
Microsoft Visual Studio Solution File, Format Version 12.00
# Visual Studio Version 17
VisualStudioVersion = 17.7.34031.279
MinimumVisualStudioVersion = 10.0.40219.1
Project("{FAE04EC0-301F-11D3-BF4B-00C04F79EFBC}") = "RestApiTemplate", "RestApiTemplate.csproj", "{4580177E-8C8F-4DF9-B4A1-45CF823A5FED}"
EndProject
Global
	GlobalSection(SolutionConfigurationPlatforms) = preSolution
		Debug|Any CPU = Debug|Any CPU
		Release|Any CPU = Release|Any CPU
	EndGlobalSection
	GlobalSection(ProjectConfigurationPlatforms) = postSolution
		{4580177E-8C8F-4DF9-B4A1-45CF823A5FED}.Debug|Any CPU.ActiveCfg = Debug|Any CPU
		{4580177E-8C8F-4DF9-B4A1-45CF823A5FED}.Debug|Any CPU.Build.0 = Debug|Any CPU
		{4580177E-8C8F-4DF9-B4A1-45CF823A5FED}.Release|Any CPU.ActiveCfg = Release|Any CPU
		{4580177E-8C8F-4DF9-B4A1-45CF823A5FED}.Release|Any CPU.Build.0 = Release|Any CPU
	EndGlobalSection
	GlobalSection(SolutionProperties) = preSolution
		HideSolutionNode = FALSE
	EndGlobalSection
	GlobalSection(ExtensibilityGlobals) = postSolution
		SolutionGuid = {623C4B8F-C885-4091-B582-4411084F9977}
	EndGlobalSection
EndGlobal
